
Microsoft Visual Studio Solution File, Format Version 12.00
# Visual Studio 15
VisualStudioVersion = 15.0.27428.2027
MinimumVisualStudioVersion = 10.0.40219.1
Project("{2150E333-8FDC-42A3-9474-1A3956D46DE8}") = "CSharp.Essential", "CSharp.Essential", "{257CE29B-9DAE-4ED5-B494-B1D6855CC0FC}"
EndProject
Project("{FAE04EC0-301F-11D3-BF4B-00C04F79EFBC}") = "CSharp.Essential.Unit1", "CSharp.Essential\CSharp.Essential.Unit1\CSharp.Essential.Unit1.csproj", "{A66E473A-C841-4358-9224-9DF28DC31873}"
EndProject
Project("{FAE04EC0-301F-11D3-BF4B-00C04F79EFBC}") = "CSharp.Essential.Unit2", "CSharp.Essential\CSharp.Essential.Unit2\CSharp.Essential.Unit2.csproj", "{AC0D7421-8F45-4493-9AC1-AB8D0BF8DB98}"
EndProject
Project("{FAE04EC0-301F-11D3-BF4B-00C04F79EFBC}") = "CSharp.Essential.Unit3", "CSharp.Essential\CSharp.Essential.Unit3\CSharp.Essential.Unit3.csproj", "{86ED18E7-8AC0-48D4-8DA0-4FA87240D2A4}"
EndProject
Project("{FAE04EC0-301F-11D3-BF4B-00C04F79EFBC}") = "CSharp.Essential.Unit4", "CSharp.Essential\CSharp.Essential.Unit4\CSharp.Essential.Unit4.csproj", "{D8B22B42-826E-49D9-9000-BBFFE81E1DD1}"
EndProject
Project("{FAE04EC0-301F-11D3-BF4B-00C04F79EFBC}") = "CSharp.Essential.Unit5", "CSharp.Essential\CSharp.Essential.Unit5\CSharp.Essential.Unit5.csproj", "{4B4B7799-5487-4D68-8992-D82C655F0A59}"
EndProject
Project("{FAE04EC0-301F-11D3-BF4B-00C04F79EFBC}") = "CSharp.Essential.Unit6", "CSharp.Essential\CSharp.Essential.Unit6\CSharp.Essential.Unit6.csproj", "{17DAAFD1-33DF-4896-89A9-86BC938E5AF9}"
EndProject
Project("{FAE04EC0-301F-11D3-BF4B-00C04F79EFBC}") = "CSharp.Essential.Unit7", "CSharp.Essential\CSharp.Essential.Unit7\CSharp.Essential.Unit7.csproj", "{2B90E029-FC97-445E-AF09-B41EC5801A30}"
EndProject
Project("{FAE04EC0-301F-11D3-BF4B-00C04F79EFBC}") = "CSharp.Essential.Unit8", "CSharp.Essential\CSharp.Essential.Unit8\CSharp.Essential.Unit8.csproj", "{8872240F-4287-49BB-874F-BE70C60B5FD6}"
EndProject
Project("{FAE04EC0-301F-11D3-BF4B-00C04F79EFBC}") = "CSharp.Essential.Unit9", "CSharp.Essential\CSharp.Essential.Unit9\CSharp.Essential.Unit9.csproj", "{BAA6AEEA-861A-4D1A-B73B-3A8315DDF1B3}"
EndProject
Project("{FAE04EC0-301F-11D3-BF4B-00C04F79EFBC}") = "CSharp.Essential.Unit10", "CSharp.Essential\CSharp.Essential.Unit10\CSharp.Essential.Unit10.csproj", "{6364F23A-F8C0-47EA-A96B-EF80AF58634D}"
EndProject
Project("{FAE04EC0-301F-11D3-BF4B-00C04F79EFBC}") = "CSharp.Essential.Unit11", "CSharp.Essential\CSharp.Essential.Unit11\CSharp.Essential.Unit11.csproj", "{96FFDC91-F882-4F2E-BF74-714A45A2B77D}"
EndProject
Project("{FAE04EC0-301F-11D3-BF4B-00C04F79EFBC}") = "CSharp.Essential.Unit13", "CSharp.Essential\CSharp.Essential.Unit13\CSharp.Essential.Unit13.csproj", "{93FE61ED-A4F0-4520-BC58-060B8C79FB72}"
EndProject
Project("{FAE04EC0-301F-11D3-BF4B-00C04F79EFBC}") = "CSharp.Essential.Unit14", "CSharp.Essential\CSharp.Essential.Unit14\CSharp.Essential.Unit14.csproj", "{10C6A9FA-5A5C-48E3-ADF7-F70F88EDFF75}"
EndProject
Project("{FAE04EC0-301F-11D3-BF4B-00C04F79EFBC}") = "CSharp.Essential.Unit15", "CSharp.Essential.Unit15\CSharp.Essential.Unit15.csproj", "{1E84AFE1-1DED-4472-ABC7-1394E2C8579D}"
EndProject
Global
	GlobalSection(SolutionConfigurationPlatforms) = preSolution
		Debug|Any CPU = Debug|Any CPU
		Release|Any CPU = Release|Any CPU
	EndGlobalSection
	GlobalSection(ProjectConfigurationPlatforms) = postSolution
		{A66E473A-C841-4358-9224-9DF28DC31873}.Debug|Any CPU.ActiveCfg = Debug|Any CPU
		{A66E473A-C841-4358-9224-9DF28DC31873}.Debug|Any CPU.Build.0 = Debug|Any CPU
		{A66E473A-C841-4358-9224-9DF28DC31873}.Release|Any CPU.ActiveCfg = Release|Any CPU
		{A66E473A-C841-4358-9224-9DF28DC31873}.Release|Any CPU.Build.0 = Release|Any CPU
		{AC0D7421-8F45-4493-9AC1-AB8D0BF8DB98}.Debug|Any CPU.ActiveCfg = Debug|Any CPU
		{AC0D7421-8F45-4493-9AC1-AB8D0BF8DB98}.Debug|Any CPU.Build.0 = Debug|Any CPU
		{AC0D7421-8F45-4493-9AC1-AB8D0BF8DB98}.Release|Any CPU.ActiveCfg = Release|Any CPU
		{AC0D7421-8F45-4493-9AC1-AB8D0BF8DB98}.Release|Any CPU.Build.0 = Release|Any CPU
		{86ED18E7-8AC0-48D4-8DA0-4FA87240D2A4}.Debug|Any CPU.ActiveCfg = Debug|Any CPU
		{86ED18E7-8AC0-48D4-8DA0-4FA87240D2A4}.Debug|Any CPU.Build.0 = Debug|Any CPU
		{86ED18E7-8AC0-48D4-8DA0-4FA87240D2A4}.Release|Any CPU.ActiveCfg = Release|Any CPU
		{86ED18E7-8AC0-48D4-8DA0-4FA87240D2A4}.Release|Any CPU.Build.0 = Release|Any CPU
		{D8B22B42-826E-49D9-9000-BBFFE81E1DD1}.Debug|Any CPU.ActiveCfg = Debug|Any CPU
		{D8B22B42-826E-49D9-9000-BBFFE81E1DD1}.Debug|Any CPU.Build.0 = Debug|Any CPU
		{D8B22B42-826E-49D9-9000-BBFFE81E1DD1}.Release|Any CPU.ActiveCfg = Release|Any CPU
		{D8B22B42-826E-49D9-9000-BBFFE81E1DD1}.Release|Any CPU.Build.0 = Release|Any CPU
		{4B4B7799-5487-4D68-8992-D82C655F0A59}.Debug|Any CPU.ActiveCfg = Debug|Any CPU
		{4B4B7799-5487-4D68-8992-D82C655F0A59}.Debug|Any CPU.Build.0 = Debug|Any CPU
		{4B4B7799-5487-4D68-8992-D82C655F0A59}.Release|Any CPU.ActiveCfg = Release|Any CPU
		{4B4B7799-5487-4D68-8992-D82C655F0A59}.Release|Any CPU.Build.0 = Release|Any CPU
		{17DAAFD1-33DF-4896-89A9-86BC938E5AF9}.Debug|Any CPU.ActiveCfg = Debug|Any CPU
		{17DAAFD1-33DF-4896-89A9-86BC938E5AF9}.Debug|Any CPU.Build.0 = Debug|Any CPU
		{17DAAFD1-33DF-4896-89A9-86BC938E5AF9}.Release|Any CPU.ActiveCfg = Release|Any CPU
		{17DAAFD1-33DF-4896-89A9-86BC938E5AF9}.Release|Any CPU.Build.0 = Release|Any CPU
		{2B90E029-FC97-445E-AF09-B41EC5801A30}.Debug|Any CPU.ActiveCfg = Debug|Any CPU
		{2B90E029-FC97-445E-AF09-B41EC5801A30}.Debug|Any CPU.Build.0 = Debug|Any CPU
		{2B90E029-FC97-445E-AF09-B41EC5801A30}.Release|Any CPU.ActiveCfg = Release|Any CPU
		{2B90E029-FC97-445E-AF09-B41EC5801A30}.Release|Any CPU.Build.0 = Release|Any CPU
		{8872240F-4287-49BB-874F-BE70C60B5FD6}.Debug|Any CPU.ActiveCfg = Debug|Any CPU
		{8872240F-4287-49BB-874F-BE70C60B5FD6}.Debug|Any CPU.Build.0 = Debug|Any CPU
		{8872240F-4287-49BB-874F-BE70C60B5FD6}.Release|Any CPU.ActiveCfg = Release|Any CPU
		{8872240F-4287-49BB-874F-BE70C60B5FD6}.Release|Any CPU.Build.0 = Release|Any CPU
		{BAA6AEEA-861A-4D1A-B73B-3A8315DDF1B3}.Debug|Any CPU.ActiveCfg = Debug|Any CPU
		{BAA6AEEA-861A-4D1A-B73B-3A8315DDF1B3}.Debug|Any CPU.Build.0 = Debug|Any CPU
		{BAA6AEEA-861A-4D1A-B73B-3A8315DDF1B3}.Release|Any CPU.ActiveCfg = Release|Any CPU
		{BAA6AEEA-861A-4D1A-B73B-3A8315DDF1B3}.Release|Any CPU.Build.0 = Release|Any CPU
		{6364F23A-F8C0-47EA-A96B-EF80AF58634D}.Debug|Any CPU.ActiveCfg = Debug|Any CPU
		{6364F23A-F8C0-47EA-A96B-EF80AF58634D}.Debug|Any CPU.Build.0 = Debug|Any CPU
		{6364F23A-F8C0-47EA-A96B-EF80AF58634D}.Release|Any CPU.ActiveCfg = Release|Any CPU
		{6364F23A-F8C0-47EA-A96B-EF80AF58634D}.Release|Any CPU.Build.0 = Release|Any CPU
		{96FFDC91-F882-4F2E-BF74-714A45A2B77D}.Debug|Any CPU.ActiveCfg = Debug|Any CPU
		{96FFDC91-F882-4F2E-BF74-714A45A2B77D}.Debug|Any CPU.Build.0 = Debug|Any CPU
		{96FFDC91-F882-4F2E-BF74-714A45A2B77D}.Release|Any CPU.ActiveCfg = Release|Any CPU
		{96FFDC91-F882-4F2E-BF74-714A45A2B77D}.Release|Any CPU.Build.0 = Release|Any CPU
		{93FE61ED-A4F0-4520-BC58-060B8C79FB72}.Debug|Any CPU.ActiveCfg = Debug|Any CPU
		{93FE61ED-A4F0-4520-BC58-060B8C79FB72}.Debug|Any CPU.Build.0 = Debug|Any CPU
		{93FE61ED-A4F0-4520-BC58-060B8C79FB72}.Release|Any CPU.ActiveCfg = Release|Any CPU
		{93FE61ED-A4F0-4520-BC58-060B8C79FB72}.Release|Any CPU.Build.0 = Release|Any CPU
		{10C6A9FA-5A5C-48E3-ADF7-F70F88EDFF75}.Debug|Any CPU.ActiveCfg = Debug|Any CPU
		{10C6A9FA-5A5C-48E3-ADF7-F70F88EDFF75}.Debug|Any CPU.Build.0 = Debug|Any CPU
		{10C6A9FA-5A5C-48E3-ADF7-F70F88EDFF75}.Release|Any CPU.ActiveCfg = Release|Any CPU
		{10C6A9FA-5A5C-48E3-ADF7-F70F88EDFF75}.Release|Any CPU.Build.0 = Release|Any CPU
		{1E84AFE1-1DED-4472-ABC7-1394E2C8579D}.Debug|Any CPU.ActiveCfg = Debug|Any CPU
		{1E84AFE1-1DED-4472-ABC7-1394E2C8579D}.Debug|Any CPU.Build.0 = Debug|Any CPU
		{1E84AFE1-1DED-4472-ABC7-1394E2C8579D}.Release|Any CPU.ActiveCfg = Release|Any CPU
		{1E84AFE1-1DED-4472-ABC7-1394E2C8579D}.Release|Any CPU.Build.0 = Release|Any CPU
	EndGlobalSection
	GlobalSection(SolutionProperties) = preSolution
		HideSolutionNode = FALSE
	EndGlobalSection
	GlobalSection(NestedProjects) = preSolution
		{A66E473A-C841-4358-9224-9DF28DC31873} = {257CE29B-9DAE-4ED5-B494-B1D6855CC0FC}
		{AC0D7421-8F45-4493-9AC1-AB8D0BF8DB98} = {257CE29B-9DAE-4ED5-B494-B1D6855CC0FC}
		{86ED18E7-8AC0-48D4-8DA0-4FA87240D2A4} = {257CE29B-9DAE-4ED5-B494-B1D6855CC0FC}
		{D8B22B42-826E-49D9-9000-BBFFE81E1DD1} = {257CE29B-9DAE-4ED5-B494-B1D6855CC0FC}
		{4B4B7799-5487-4D68-8992-D82C655F0A59} = {257CE29B-9DAE-4ED5-B494-B1D6855CC0FC}
		{17DAAFD1-33DF-4896-89A9-86BC938E5AF9} = {257CE29B-9DAE-4ED5-B494-B1D6855CC0FC}
		{2B90E029-FC97-445E-AF09-B41EC5801A30} = {257CE29B-9DAE-4ED5-B494-B1D6855CC0FC}
		{8872240F-4287-49BB-874F-BE70C60B5FD6} = {257CE29B-9DAE-4ED5-B494-B1D6855CC0FC}
		{BAA6AEEA-861A-4D1A-B73B-3A8315DDF1B3} = {257CE29B-9DAE-4ED5-B494-B1D6855CC0FC}
		{6364F23A-F8C0-47EA-A96B-EF80AF58634D} = {257CE29B-9DAE-4ED5-B494-B1D6855CC0FC}
		{96FFDC91-F882-4F2E-BF74-714A45A2B77D} = {257CE29B-9DAE-4ED5-B494-B1D6855CC0FC}
		{93FE61ED-A4F0-4520-BC58-060B8C79FB72} = {257CE29B-9DAE-4ED5-B494-B1D6855CC0FC}
		{10C6A9FA-5A5C-48E3-ADF7-F70F88EDFF75} = {257CE29B-9DAE-4ED5-B494-B1D6855CC0FC}
		{1E84AFE1-1DED-4472-ABC7-1394E2C8579D} = {257CE29B-9DAE-4ED5-B494-B1D6855CC0FC}
	EndGlobalSection
	GlobalSection(ExtensibilityGlobals) = postSolution
		SolutionGuid = {600938E9-8CA9-4AE4-AF6F-1AAED201CC2D}
	EndGlobalSection
EndGlobal
